
Microsoft Visual Studio Solution File, Format Version 12.00
# Visual Studio 15
Project("{FAE04EC0-301F-11D3-BF4B-00C04F79EFBC}") = "Assembly-CSharp", "Assembly-CSharp.csproj", "{DD8E3C85-E06D-D006-9304-9FFA099B397A}"
EndProject
Global
	GlobalSection(SolutionConfigurationPlatforms) = preSolution
		Debug|Any CPU = Debug|Any CPU
		Release|Any CPU = Release|Any CPU
	EndGlobalSection
	GlobalSection(ProjectConfigurationPlatforms) = postSolution
		{DD8E3C85-E06D-D006-9304-9FFA099B397A}.Debug|Any CPU.ActiveCfg = Debug|Any CPU
		{DD8E3C85-E06D-D006-9304-9FFA099B397A}.Debug|Any CPU.Build.0 = Debug|Any CPU
		{DD8E3C85-E06D-D006-9304-9FFA099B397A}.Release|Any CPU.ActiveCfg = Release|Any CPU
		{DD8E3C85-E06D-D006-9304-9FFA099B397A}.Release|Any CPU.Build.0 = Release|Any CPU
	EndGlobalSection
	GlobalSection(SolutionProperties) = preSolution
		HideSolutionNode = FALSE
	EndGlobalSection
	GlobalSection(MonoDevelopProperties) = preSolution
		StartupItem = Assembly-CSharp.csproj
	EndGlobalSection
EndGlobal
